// !$*UTF8*$!
{
	archiveVersion = 1;
	classes = {
	};
	objectVersion = 56;
	objects = {

/* Begin PBXBuildFile section */
		3A1CDBC12C756CE700FB197E /* UserService.swift in Sources */ = {isa = PBXBuildFile; fileRef = 3A1CDBC02C756CE700FB197E /* UserService.swift */; };
		3A1CDBC42C756ED500FB197E /* Response.swift in Sources */ = {isa = PBXBuildFile; fileRef = 3A1CDBC32C756ED500FB197E /* Response.swift */; };
		3A1CDBC62C7571A500FB197E /* NavigationService.swift in Sources */ = {isa = PBXBuildFile; fileRef = 3A1CDBC52C7571A500FB197E /* NavigationService.swift */; };
		3A1CDBC82C75720600FB197E /* PageDestination.swift in Sources */ = {isa = PBXBuildFile; fileRef = 3A1CDBC72C75720600FB197E /* PageDestination.swift */; };
		3A87D8302C78503A008EEA48 /* CreatePostViewController.swift in Sources */ = {isa = PBXBuildFile; fileRef = 3A87D82F2C78503A008EEA48 /* CreatePostViewController.swift */; };
		3A87D8322C78504A008EEA48 /* ProfileViewController.swift in Sources */ = {isa = PBXBuildFile; fileRef = 3A87D8312C78504A008EEA48 /* ProfileViewController.swift */; };
		3A8BA02E2C74429000C26FCF /* AppDelegate.swift in Sources */ = {isa = PBXBuildFile; fileRef = 3A8BA02D2C74429000C26FCF /* AppDelegate.swift */; };
		3A8BA0302C74429000C26FCF /* SceneDelegate.swift in Sources */ = {isa = PBXBuildFile; fileRef = 3A8BA02F2C74429000C26FCF /* SceneDelegate.swift */; };
		3A8BA0352C74429000C26FCF /* Base in Resources */ = {isa = PBXBuildFile; fileRef = 3A8BA0342C74429000C26FCF /* Base */; };
		3A8BA03A2C74429100C26FCF /* Assets.xcassets in Resources */ = {isa = PBXBuildFile; fileRef = 3A8BA0392C74429100C26FCF /* Assets.xcassets */; };
		3A8BA03D2C74429100C26FCF /* Base in Resources */ = {isa = PBXBuildFile; fileRef = 3A8BA03C2C74429100C26FCF /* Base */; };
		3A8BA0462C7444AA00C26FCF /* RegisterViewController.swift in Sources */ = {isa = PBXBuildFile; fileRef = 3A8BA0452C7444AA00C26FCF /* RegisterViewController.swift */; };
		3A8BA0492C74558C00C26FCF /* AlertHelper.swift in Sources */ = {isa = PBXBuildFile; fileRef = 3A8BA0482C74558C00C26FCF /* AlertHelper.swift */; };
		3A8BA04B2C745E1500C26FCF /* LoginViewController.swift in Sources */ = {isa = PBXBuildFile; fileRef = 3A8BA04A2C745E1500C26FCF /* LoginViewController.swift */; };
		3AA4F00C2C7BF1E600D02E05 /* User+CoreDataClass.swift in Sources */ = {isa = PBXBuildFile; fileRef = 3AA4F0082C7BF1E600D02E05 /* User+CoreDataClass.swift */; };
		3AA4F00D2C7BF1E600D02E05 /* User+CoreDataProperties.swift in Sources */ = {isa = PBXBuildFile; fileRef = 3AA4F0092C7BF1E600D02E05 /* User+CoreDataProperties.swift */; };
		3AA4F0112C7C00D800D02E05 /* PostService.swift in Sources */ = {isa = PBXBuildFile; fileRef = 3AA4F0102C7C00D800D02E05 /* PostService.swift */; };
		3AA4F0142C7C018600D02E05 /* Post+CoreDataClass.swift in Sources */ = {isa = PBXBuildFile; fileRef = 3AA4F0122C7C018600D02E05 /* Post+CoreDataClass.swift */; };
		3AA4F0152C7C018600D02E05 /* Post+CoreDataProperties.swift in Sources */ = {isa = PBXBuildFile; fileRef = 3AA4F0132C7C018600D02E05 /* Post+CoreDataProperties.swift */; };
		3AA4F0172C7C189400D02E05 /* PostViewCellController.swift in Sources */ = {isa = PBXBuildFile; fileRef = 3AA4F0162C7C189400D02E05 /* PostViewCellController.swift */; };
		3AA4F0192C7C300E00D02E05 /* UpdatePostViewController.swift in Sources */ = {isa = PBXBuildFile; fileRef = 3AA4F0182C7C300E00D02E05 /* UpdatePostViewController.swift */; };
		3AEE6F3A2C7847510076E7F5 /* HomeViewController.swift in Sources */ = {isa = PBXBuildFile; fileRef = 3AEE6F392C7847510076E7F5 /* HomeViewController.swift */; };
		3AF80CA62C76FFF00069EC6D /* ThreAdY.xcdatamodeld in Sources */ = {isa = PBXBuildFile; fileRef = 3AF80CA42C76FFF00069EC6D /* ThreAdY.xcdatamodeld */; };
		3AF80CAE2C7715BA0069EC6D /* SessionHelper.swift in Sources */ = {isa = PBXBuildFile; fileRef = 3AF80CAD2C7715BA0069EC6D /* SessionHelper.swift */; };
/* End PBXBuildFile section */

/* Begin PBXFileReference section */
		3A1CDBC02C756CE700FB197E /* UserService.swift */ = {isa = PBXFileReference; lastKnownFileType = sourcecode.swift; path = UserService.swift; sourceTree = "<group>"; };
		3A1CDBC32C756ED500FB197E /* Response.swift */ = {isa = PBXFileReference; lastKnownFileType = sourcecode.swift; path = Response.swift; sourceTree = "<group>"; };
		3A1CDBC52C7571A500FB197E /* NavigationService.swift */ = {isa = PBXFileReference; lastKnownFileType = sourcecode.swift; path = NavigationService.swift; sourceTree = "<group>"; };
		3A1CDBC72C75720600FB197E /* PageDestination.swift */ = {isa = PBXFileReference; lastKnownFileType = sourcecode.swift; path = PageDestination.swift; sourceTree = "<group>"; };
		3A87D82F2C78503A008EEA48 /* CreatePostViewController.swift */ = {isa = PBXFileReference; lastKnownFileType = sourcecode.swift; path = CreatePostViewController.swift; sourceTree = "<group>"; };
		3A87D8312C78504A008EEA48 /* ProfileViewController.swift */ = {isa = PBXFileReference; lastKnownFileType = sourcecode.swift; path = ProfileViewController.swift; sourceTree = "<group>"; };
		3A8BA02A2C74429000C26FCF /* ThreAdY.app */ = {isa = PBXFileReference; explicitFileType = wrapper.application; includeInIndex = 0; path = ThreAdY.app; sourceTree = BUILT_PRODUCTS_DIR; };
		3A8BA02D2C74429000C26FCF /* AppDelegate.swift */ = {isa = PBXFileReference; lastKnownFileType = sourcecode.swift; path = AppDelegate.swift; sourceTree = "<group>"; };
		3A8BA02F2C74429000C26FCF /* SceneDelegate.swift */ = {isa = PBXFileReference; lastKnownFileType = sourcecode.swift; path = SceneDelegate.swift; sourceTree = "<group>"; };
		3A8BA0342C74429000C26FCF /* Base */ = {isa = PBXFileReference; lastKnownFileType = file.storyboard; name = Base; path = Base.lproj/Main.storyboard; sourceTree = "<group>"; };
		3A8BA0392C74429100C26FCF /* Assets.xcassets */ = {isa = PBXFileReference; lastKnownFileType = folder.assetcatalog; path = Assets.xcassets; sourceTree = "<group>"; };
		3A8BA03C2C74429100C26FCF /* Base */ = {isa = PBXFileReference; lastKnownFileType = file.storyboard; name = Base; path = Base.lproj/LaunchScreen.storyboard; sourceTree = "<group>"; };
		3A8BA03E2C74429100C26FCF /* Info.plist */ = {isa = PBXFileReference; lastKnownFileType = text.plist.xml; path = Info.plist; sourceTree = "<group>"; };
		3A8BA0452C7444AA00C26FCF /* RegisterViewController.swift */ = {isa = PBXFileReference; lastKnownFileType = sourcecode.swift; path = RegisterViewController.swift; sourceTree = "<group>"; };
		3A8BA0482C74558C00C26FCF /* AlertHelper.swift */ = {isa = PBXFileReference; lastKnownFileType = sourcecode.swift; path = AlertHelper.swift; sourceTree = "<group>"; };
		3A8BA04A2C745E1500C26FCF /* LoginViewController.swift */ = {isa = PBXFileReference; lastKnownFileType = sourcecode.swift; path = LoginViewController.swift; sourceTree = "<group>"; };
		3AA4F0082C7BF1E600D02E05 /* User+CoreDataClass.swift */ = {isa = PBXFileReference; lastKnownFileType = sourcecode.swift; name = "User+CoreDataClass.swift"; path = "ThreAdY/Models/User+CoreDataClass.swift"; sourceTree = "<group>"; };
		3AA4F0092C7BF1E600D02E05 /* User+CoreDataProperties.swift */ = {isa = PBXFileReference; lastKnownFileType = sourcecode.swift; name = "User+CoreDataProperties.swift"; path = "ThreAdY/Models/User+CoreDataProperties.swift"; sourceTree = "<group>"; };
		3AA4F0102C7C00D800D02E05 /* PostService.swift */ = {isa = PBXFileReference; lastKnownFileType = sourcecode.swift; path = PostService.swift; sourceTree = "<group>"; };
		3AA4F0122C7C018600D02E05 /* Post+CoreDataClass.swift */ = {isa = PBXFileReference; lastKnownFileType = sourcecode.swift; name = "Post+CoreDataClass.swift"; path = "ThreAdY/Models/Post+CoreDataClass.swift"; sourceTree = "<group>"; };
		3AA4F0132C7C018600D02E05 /* Post+CoreDataProperties.swift */ = {isa = PBXFileReference; lastKnownFileType = sourcecode.swift; name = "Post+CoreDataProperties.swift"; path = "ThreAdY/Models/Post+CoreDataProperties.swift"; sourceTree = "<group>"; };
		3AA4F0162C7C189400D02E05 /* PostViewCellController.swift */ = {isa = PBXFileReference; lastKnownFileType = sourcecode.swift; path = PostViewCellController.swift; sourceTree = "<group>"; };
		3AA4F0182C7C300E00D02E05 /* UpdatePostViewController.swift */ = {isa = PBXFileReference; lastKnownFileType = sourcecode.swift; path = UpdatePostViewController.swift; sourceTree = "<group>"; };
		3AEE6F392C7847510076E7F5 /* HomeViewController.swift */ = {isa = PBXFileReference; lastKnownFileType = sourcecode.swift; path = HomeViewController.swift; sourceTree = "<group>"; };
		3AF80CA52C76FFF00069EC6D /* ThreAdY.xcdatamodel */ = {isa = PBXFileReference; lastKnownFileType = wrapper.xcdatamodel; path = ThreAdY.xcdatamodel; sourceTree = "<group>"; };
		3AF80CAD2C7715BA0069EC6D /* SessionHelper.swift */ = {isa = PBXFileReference; lastKnownFileType = sourcecode.swift; path = SessionHelper.swift; sourceTree = "<group>"; };
/* End PBXFileReference section */

/* Begin PBXFrameworksBuildPhase section */
		3A8BA0272C74429000C26FCF /* Frameworks */ = {
			isa = PBXFrameworksBuildPhase;
			buildActionMask = 2147483647;
			files = (
			);
			runOnlyForDeploymentPostprocessing = 0;
		};
/* End PBXFrameworksBuildPhase section */

/* Begin PBXGroup section */
		3A1CDBBF2C756CDA00FB197E /* Services */ = {
			isa = PBXGroup;
			children = (
				3A1CDBC02C756CE700FB197E /* UserService.swift */,
				3A1CDBC52C7571A500FB197E /* NavigationService.swift */,
				3AA4F0102C7C00D800D02E05 /* PostService.swift */,
			);
			path = Services;
			sourceTree = "<group>";
		};
		3A1CDBC22C756ECC00FB197E /* Models */ = {
			isa = PBXGroup;
			children = (
				3A1CDBC32C756ED500FB197E /* Response.swift */,
				3A1CDBC72C75720600FB197E /* PageDestination.swift */,
			);
			path = Models;
			sourceTree = "<group>";
		};
		3A8BA0212C74429000C26FCF = {
			isa = PBXGroup;
			children = (
				3AA4F0122C7C018600D02E05 /* Post+CoreDataClass.swift */,
				3AA4F0132C7C018600D02E05 /* Post+CoreDataProperties.swift */,
				3AA4F0082C7BF1E600D02E05 /* User+CoreDataClass.swift */,
				3AA4F0092C7BF1E600D02E05 /* User+CoreDataProperties.swift */,
				3A8BA02C2C74429000C26FCF /* ThreAdY */,
				3A8BA02B2C74429000C26FCF /* Products */,
			);
			sourceTree = "<group>";
		};
		3A8BA02B2C74429000C26FCF /* Products */ = {
			isa = PBXGroup;
			children = (
				3A8BA02A2C74429000C26FCF /* ThreAdY.app */,
			);
			name = Products;
			sourceTree = "<group>";
		};
		3A8BA02C2C74429000C26FCF /* ThreAdY */ = {
			isa = PBXGroup;
			children = (
				3A1CDBC22C756ECC00FB197E /* Models */,
				3A1CDBBF2C756CDA00FB197E /* Services */,
				3A8BA0472C74556D00C26FCF /* Helpers */,
				3A8BA0442C74449200C26FCF /* ViewControllers */,
				3A8BA02D2C74429000C26FCF /* AppDelegate.swift */,
				3A8BA02F2C74429000C26FCF /* SceneDelegate.swift */,
				3A8BA0332C74429000C26FCF /* Main.storyboard */,
				3A8BA0392C74429100C26FCF /* Assets.xcassets */,
				3A8BA03B2C74429100C26FCF /* LaunchScreen.storyboard */,
				3A8BA03E2C74429100C26FCF /* Info.plist */,
				3AF80CA42C76FFF00069EC6D /* ThreAdY.xcdatamodeld */,
			);
			path = ThreAdY;
			sourceTree = "<group>";
		};
		3A8BA0442C74449200C26FCF /* ViewControllers */ = {
			isa = PBXGroup;
			children = (
				3A8BA04A2C745E1500C26FCF /* LoginViewController.swift */,
				3A8BA0452C7444AA00C26FCF /* RegisterViewController.swift */,
				3AEE6F392C7847510076E7F5 /* HomeViewController.swift */,
				3A87D82F2C78503A008EEA48 /* CreatePostViewController.swift */,
				3A87D8312C78504A008EEA48 /* ProfileViewController.swift */,
				3AA4F0162C7C189400D02E05 /* PostViewCellController.swift */,
				3AA4F0182C7C300E00D02E05 /* UpdatePostViewController.swift */,
			);
			path = ViewControllers;
			sourceTree = "<group>";
		};
		3A8BA0472C74556D00C26FCF /* Helpers */ = {
			isa = PBXGroup;
			children = (
				3A8BA0482C74558C00C26FCF /* AlertHelper.swift */,
				3AF80CAD2C7715BA0069EC6D /* SessionHelper.swift */,
			);
			path = Helpers;
			sourceTree = "<group>";
		};
/* End PBXGroup section */

/* Begin PBXNativeTarget section */
		3A8BA0292C74429000C26FCF /* ThreAdY */ = {
			isa = PBXNativeTarget;
			buildConfigurationList = 3A8BA0412C74429100C26FCF /* Build configuration list for PBXNativeTarget "ThreAdY" */;
			buildPhases = (
				3A8BA0262C74429000C26FCF /* Sources */,
				3A8BA0272C74429000C26FCF /* Frameworks */,
				3A8BA0282C74429000C26FCF /* Resources */,
			);
			buildRules = (
			);
			dependencies = (
			);
			name = ThreAdY;
			productName = ThreAdY;
			productReference = 3A8BA02A2C74429000C26FCF /* ThreAdY.app */;
			productType = "com.apple.product-type.application";
		};
/* End PBXNativeTarget section */

/* Begin PBXProject section */
		3A8BA0222C74429000C26FCF /* Project object */ = {
			isa = PBXProject;
			attributes = {
				BuildIndependentTargetsInParallel = 1;
				LastSwiftUpdateCheck = 1540;
				LastUpgradeCheck = 1540;
				TargetAttributes = {
					3A8BA0292C74429000C26FCF = {
						CreatedOnToolsVersion = 15.4;
					};
				};
			};
			buildConfigurationList = 3A8BA0252C74429000C26FCF /* Build configuration list for PBXProject "ThreAdY" */;
			compatibilityVersion = "Xcode 14.0";
			developmentRegion = en;
			hasScannedForEncodings = 0;
			knownRegions = (
				en,
				Base,
			);
			mainGroup = 3A8BA0212C74429000C26FCF;
			productRefGroup = 3A8BA02B2C74429000C26FCF /* Products */;
			projectDirPath = "";
			projectRoot = "";
			targets = (
				3A8BA0292C74429000C26FCF /* ThreAdY */,
			);
		};
/* End PBXProject section */

/* Begin PBXResourcesBuildPhase section */
		3A8BA0282C74429000C26FCF /* Resources */ = {
			isa = PBXResourcesBuildPhase;
			buildActionMask = 2147483647;
			files = (
				3A8BA03A2C74429100C26FCF /* Assets.xcassets in Resources */,
				3A8BA03D2C74429100C26FCF /* Base in Resources */,
				3A8BA0352C74429000C26FCF /* Base in Resources */,
			);
			runOnlyForDeploymentPostprocessing = 0;
		};
/* End PBXResourcesBuildPhase section */

/* Begin PBXSourcesBuildPhase section */
		3A8BA0262C74429000C26FCF /* Sources */ = {
			isa = PBXSourcesBuildPhase;
			buildActionMask = 2147483647;
			files = (
				3A1CDBC42C756ED500FB197E /* Response.swift in Sources */,
				3A1CDBC62C7571A500FB197E /* NavigationService.swift in Sources */,
				3A1CDBC12C756CE700FB197E /* UserService.swift in Sources */,
				3A8BA04B2C745E1500C26FCF /* LoginViewController.swift in Sources */,
				3AA4F0172C7C189400D02E05 /* PostViewCellController.swift in Sources */,
				3AEE6F3A2C7847510076E7F5 /* HomeViewController.swift in Sources */,
				3A87D8322C78504A008EEA48 /* ProfileViewController.swift in Sources */,
				3A8BA02E2C74429000C26FCF /* AppDelegate.swift in Sources */,
				3AA4F00C2C7BF1E600D02E05 /* User+CoreDataClass.swift in Sources */,
				3AA4F0142C7C018600D02E05 /* Post+CoreDataClass.swift in Sources */,
				3AA4F0192C7C300E00D02E05 /* UpdatePostViewController.swift in Sources */,
				3AA4F0152C7C018600D02E05 /* Post+CoreDataProperties.swift in Sources */,
				3AA4F00D2C7BF1E600D02E05 /* User+CoreDataProperties.swift in Sources */,
				3A8BA0302C74429000C26FCF /* SceneDelegate.swift in Sources */,
				3A8BA0492C74558C00C26FCF /* AlertHelper.swift in Sources */,
				3A87D8302C78503A008EEA48 /* CreatePostViewController.swift in Sources */,
				3AA4F0112C7C00D800D02E05 /* PostService.swift in Sources */,
				3AF80CA62C76FFF00069EC6D /* ThreAdY.xcdatamodeld in Sources */,
				3AF80CAE2C7715BA0069EC6D /* SessionHelper.swift in Sources */,
				3A8BA0462C7444AA00C26FCF /* RegisterViewController.swift in Sources */,
				3A1CDBC82C75720600FB197E /* PageDestination.swift in Sources */,
			);
			runOnlyForDeploymentPostprocessing = 0;
		};
/* End PBXSourcesBuildPhase section */

/* Begin PBXVariantGroup section */
		3A8BA0332C74429000C26FCF /* Main.storyboard */ = {
			isa = PBXVariantGroup;
			children = (
				3A8BA0342C74429000C26FCF /* Base */,
			);
			name = Main.storyboard;
			sourceTree = "<group>";
		};
		3A8BA03B2C74429100C26FCF /* LaunchScreen.storyboard */ = {
			isa = PBXVariantGroup;
			children = (
				3A8BA03C2C74429100C26FCF /* Base */,
			);
			name = LaunchScreen.storyboard;
			sourceTree = "<group>";
		};
/* End PBXVariantGroup section */

/* Begin XCBuildConfiguration section */
		3A8BA03F2C74429100C26FCF /* Debug */ = {
			isa = XCBuildConfiguration;
			buildSettings = {
				ALWAYS_SEARCH_USER_PATHS = NO;
				ASSETCATALOG_COMPILER_GENERATE_SWIFT_ASSET_SYMBOL_EXTENSIONS = YES;
				CLANG_ANALYZER_NONNULL = YES;
				CLANG_ANALYZER_NUMBER_OBJECT_CONVERSION = YES_AGGRESSIVE;
				CLANG_CXX_LANGUAGE_STANDARD = "gnu++20";
				CLANG_ENABLE_MODULES = YES;
				CLANG_ENABLE_OBJC_ARC = YES;
				CLANG_ENABLE_OBJC_WEAK = YES;
				CLANG_WARN_BLOCK_CAPTURE_AUTORELEASING = YES;
				CLANG_WARN_BOOL_CONVERSION = YES;
				CLANG_WARN_COMMA = YES;
				CLANG_WARN_CONSTANT_CONVERSION = YES;
				CLANG_WARN_DEPRECATED_OBJC_IMPLEMENTATIONS = YES;
				CLANG_WARN_DIRECT_OBJC_ISA_USAGE = YES_ERROR;
				CLANG_WARN_DOCUMENTATION_COMMENTS = YES;
				CLANG_WARN_EMPTY_BODY = YES;
				CLANG_WARN_ENUM_CONVERSION = YES;
				CLANG_WARN_INFINITE_RECURSION = YES;
				CLANG_WARN_INT_CONVERSION = YES;
				CLANG_WARN_NON_LITERAL_NULL_CONVERSION = YES;
				CLANG_WARN_OBJC_IMPLICIT_RETAIN_SELF = YES;
				CLANG_WARN_OBJC_LITERAL_CONVERSION = YES;
				CLANG_WARN_OBJC_ROOT_CLASS = YES_ERROR;
				CLANG_WARN_QUOTED_INCLUDE_IN_FRAMEWORK_HEADER = YES;
				CLANG_WARN_RANGE_LOOP_ANALYSIS = YES;
				CLANG_WARN_STRICT_PROTOTYPES = YES;
				CLANG_WARN_SUSPICIOUS_MOVE = YES;
				CLANG_WARN_UNGUARDED_AVAILABILITY = YES_AGGRESSIVE;
				CLANG_WARN_UNREACHABLE_CODE = YES;
				CLANG_WARN__DUPLICATE_METHOD_MATCH = YES;
				COPY_PHASE_STRIP = NO;
				DEBUG_INFORMATION_FORMAT = dwarf;
				ENABLE_STRICT_OBJC_MSGSEND = YES;
				ENABLE_TESTABILITY = YES;
				ENABLE_USER_SCRIPT_SANDBOXING = YES;
				GCC_C_LANGUAGE_STANDARD = gnu17;
				GCC_DYNAMIC_NO_PIC = NO;
				GCC_NO_COMMON_BLOCKS = YES;
				GCC_OPTIMIZATION_LEVEL = 0;
				GCC_PREPROCESSOR_DEFINITIONS = (
					"DEBUG=1",
					"$(inherited)",
				);
				GCC_WARN_64_TO_32_BIT_CONVERSION = YES;
				GCC_WARN_ABOUT_RETURN_TYPE = YES_ERROR;
				GCC_WARN_UNDECLARED_SELECTOR = YES;
				GCC_WARN_UNINITIALIZED_AUTOS = YES_AGGRESSIVE;
				GCC_WARN_UNUSED_FUNCTION = YES;
				GCC_WARN_UNUSED_VARIABLE = YES;
				IPHONEOS_DEPLOYMENT_TARGET = 17.5;
				LOCALIZATION_PREFERS_STRING_CATALOGS = YES;
				MTL_ENABLE_DEBUG_INFO = INCLUDE_SOURCE;
				MTL_FAST_MATH = YES;
				ONLY_ACTIVE_ARCH = YES;
				SDKROOT = iphoneos;
				SWIFT_ACTIVE_COMPILATION_CONDITIONS = "DEBUG $(inherited)";
				SWIFT_OPTIMIZATION_LEVEL = "-Onone";
			};
			name = Debug;
		};
		3A8BA0402C74429100C26FCF /* Release */ = {
			isa = XCBuildConfiguration;
			buildSettings = {
				ALWAYS_SEARCH_USER_PATHS = NO;
				ASSETCATALOG_COMPILER_GENERATE_SWIFT_ASSET_SYMBOL_EXTENSIONS = YES;
				CLANG_ANALYZER_NONNULL = YES;
				CLANG_ANALYZER_NUMBER_OBJECT_CONVERSION = YES_AGGRESSIVE;
				CLANG_CXX_LANGUAGE_STANDARD = "gnu++20";
				CLANG_ENABLE_MODULES = YES;
				CLANG_ENABLE_OBJC_ARC = YES;
				CLANG_ENABLE_OBJC_WEAK = YES;
				CLANG_WARN_BLOCK_CAPTURE_AUTORELEASING = YES;
				CLANG_WARN_BOOL_CONVERSION = YES;
				CLANG_WARN_COMMA = YES;
				CLANG_WARN_CONSTANT_CONVERSION = YES;
				CLANG_WARN_DEPRECATED_OBJC_IMPLEMENTATIONS = YES;
				CLANG_WARN_DIRECT_OBJC_ISA_USAGE = YES_ERROR;
				CLANG_WARN_DOCUMENTATION_COMMENTS = YES;
				CLANG_WARN_EMPTY_BODY = YES;
				CLANG_WARN_ENUM_CONVERSION = YES;
				CLANG_WARN_INFINITE_RECURSION = YES;
				CLANG_WARN_INT_CONVERSION = YES;
				CLANG_WARN_NON_LITERAL_NULL_CONVERSION = YES;
				CLANG_WARN_OBJC_IMPLICIT_RETAIN_SELF = YES;
				CLANG_WARN_OBJC_LITERAL_CONVERSION = YES;
				CLANG_WARN_OBJC_ROOT_CLASS = YES_ERROR;
				CLANG_WARN_QUOTED_INCLUDE_IN_FRAMEWORK_HEADER = YES;
				CLANG_WARN_RANGE_LOOP_ANALYSIS = YES;
				CLANG_WARN_STRICT_PROTOTYPES = YES;
				CLANG_WARN_SUSPICIOUS_MOVE = YES;
				CLANG_WARN_UNGUARDED_AVAILABILITY = YES_AGGRESSIVE;
				CLANG_WARN_UNREACHABLE_CODE = YES;
				CLANG_WARN__DUPLICATE_METHOD_MATCH = YES;
				COPY_PHASE_STRIP = NO;
				DEBUG_INFORMATION_FORMAT = "dwarf-with-dsym";
				ENABLE_NS_ASSERTIONS = NO;
				ENABLE_STRICT_OBJC_MSGSEND = YES;
				ENABLE_USER_SCRIPT_SANDBOXING = YES;
				GCC_C_LANGUAGE_STANDARD = gnu17;
				GCC_NO_COMMON_BLOCKS = YES;
				GCC_WARN_64_TO_32_BIT_CONVERSION = YES;
				GCC_WARN_ABOUT_RETURN_TYPE = YES_ERROR;
				GCC_WARN_UNDECLARED_SELECTOR = YES;
				GCC_WARN_UNINITIALIZED_AUTOS = YES_AGGRESSIVE;
				GCC_WARN_UNUSED_FUNCTION = YES;
				GCC_WARN_UNUSED_VARIABLE = YES;
				IPHONEOS_DEPLOYMENT_TARGET = 17.5;
				LOCALIZATION_PREFERS_STRING_CATALOGS = YES;
				MTL_ENABLE_DEBUG_INFO = NO;
				MTL_FAST_MATH = YES;
				SDKROOT = iphoneos;
				SWIFT_COMPILATION_MODE = wholemodule;
				VALIDATE_PRODUCT = YES;
			};
			name = Release;
		};
		3A8BA0422C74429100C26FCF /* Debug */ = {
			isa = XCBuildConfiguration;
			buildSettings = {
				ASSETCATALOG_COMPILER_APPICON_NAME = AppIcon;
				ASSETCATALOG_COMPILER_GLOBAL_ACCENT_COLOR_NAME = AccentColor;
				CODE_SIGN_STYLE = Automatic;
				CURRENT_PROJECT_VERSION = 1;
				GENERATE_INFOPLIST_FILE = YES;
				INFOPLIST_FILE = ThreAdY/Info.plist;
				INFOPLIST_KEY_UIApplicationSupportsIndirectInputEvents = YES;
				INFOPLIST_KEY_UILaunchStoryboardName = LaunchScreen;
				INFOPLIST_KEY_UIMainStoryboardFile = Main;
				INFOPLIST_KEY_UISupportedInterfaceOrientations_iPad = "UIInterfaceOrientationPortrait UIInterfaceOrientationPortraitUpsideDown UIInterfaceOrientationLandscapeLeft UIInterfaceOrientationLandscapeRight";
				INFOPLIST_KEY_UISupportedInterfaceOrientations_iPhone = "UIInterfaceOrientationPortrait UIInterfaceOrientationLandscapeLeft UIInterfaceOrientationLandscapeRight";
				LD_RUNPATH_SEARCH_PATHS = (
					"$(inherited)",
					"@executable_path/Frameworks",
				);
				MARKETING_VERSION = 1.0;
				PRODUCT_BUNDLE_IDENTIFIER = Adrian.ThreAdY;
				PRODUCT_NAME = "$(TARGET_NAME)";
				SWIFT_EMIT_LOC_STRINGS = YES;
				SWIFT_VERSION = 5.0;
				TARGETED_DEVICE_FAMILY = "1,2";
			};
			name = Debug;
		};
		3A8BA0432C74429100C26FCF /* Release */ = {
			isa = XCBuildConfiguration;
			buildSettings = {
				ASSETCATALOG_COMPILER_APPICON_NAME = AppIcon;
				ASSETCATALOG_COMPILER_GLOBAL_ACCENT_COLOR_NAME = AccentColor;
				CODE_SIGN_STYLE = Automatic;
				CURRENT_PROJECT_VERSION = 1;
				GENERATE_INFOPLIST_FILE = YES;
				INFOPLIST_FILE = ThreAdY/Info.plist;
				INFOPLIST_KEY_UIApplicationSupportsIndirectInputEvents = YES;
				INFOPLIST_KEY_UILaunchStoryboardName = LaunchScreen;
				INFOPLIST_KEY_UIMainStoryboardFile = Main;
				INFOPLIST_KEY_UISupportedInterfaceOrientations_iPad = "UIInterfaceOrientationPortrait UIInterfaceOrientationPortraitUpsideDown UIInterfaceOrientationLandscapeLeft UIInterfaceOrientationLandscapeRight";
				INFOPLIST_KEY_UISupportedInterfaceOrientations_iPhone = "UIInterfaceOrientationPortrait UIInterfaceOrientationLandscapeLeft UIInterfaceOrientationLandscapeRight";
				LD_RUNPATH_SEARCH_PATHS = (
					"$(inherited)",
					"@executable_path/Frameworks",
				);
				MARKETING_VERSION = 1.0;
				PRODUCT_BUNDLE_IDENTIFIER = Adrian.ThreAdY;
				PRODUCT_NAME = "$(TARGET_NAME)";
				SWIFT_EMIT_LOC_STRINGS = YES;
				SWIFT_VERSION = 5.0;
				TARGETED_DEVICE_FAMILY = "1,2";
			};
			name = Release;
		};
/* End XCBuildConfiguration section */

/* Begin XCConfigurationList section */
		3A8BA0252C74429000C26FCF /* Build configuration list for PBXProject "ThreAdY" */ = {
			isa = XCConfigurationList;
			buildConfigurations = (
				3A8BA03F2C74429100C26FCF /* Debug */,
				3A8BA0402C74429100C26FCF /* Release */,
			);
			defaultConfigurationIsVisible = 0;
			defaultConfigurationName = Release;
		};
		3A8BA0412C74429100C26FCF /* Build configuration list for PBXNativeTarget "ThreAdY" */ = {
			isa = XCConfigurationList;
			buildConfigurations = (
				3A8BA0422C74429100C26FCF /* Debug */,
				3A8BA0432C74429100C26FCF /* Release */,
			);
			defaultConfigurationIsVisible = 0;
			defaultConfigurationName = Release;
		};
/* End XCConfigurationList section */

/* Begin XCVersionGroup section */
		3AF80CA42C76FFF00069EC6D /* ThreAdY.xcdatamodeld */ = {
			isa = XCVersionGroup;
			children = (
				3AF80CA52C76FFF00069EC6D /* ThreAdY.xcdatamodel */,
			);
			currentVersion = 3AF80CA52C76FFF00069EC6D /* ThreAdY.xcdatamodel */;
			name = ThreAdY.xcdatamodeld;
			path = /Users/adrian/Documents/Swift/ThreAdY/ThreAdY/ThreAdY.xcdatamodeld;
			sourceTree = "<group>";
			versionGroupType = wrapper.xcdatamodel;
		};
/* End XCVersionGroup section */
	};
	rootObject = 3A8BA0222C74429000C26FCF /* Project object */;
}
